
Microsoft Visual Studio Solution File, Format Version 12.00
# Visual Studio Version 17
VisualStudioVersion = 17.7.34031.279
MinimumVisualStudioVersion = 10.0.40219.1
Project("{FAE04EC0-301F-11D3-BF4B-00C04F79EFBC}") = "Day6_Stack&Queue_Problems", "Day6_Stack&Queue_Problems\Day6_Stack&Queue_Problems.csproj", "{C9664A43-5221-48C9-BF7B-DB54F0B4854E}"
EndProject
Global
	GlobalSection(SolutionConfigurationPlatforms) = preSolution
		Debug|Any CPU = Debug|Any CPU
		Release|Any CPU = Release|Any CPU
	EndGlobalSection
	GlobalSection(ProjectConfigurationPlatforms) = postSolution
		{C9664A43-5221-48C9-BF7B-DB54F0B4854E}.Debug|Any CPU.ActiveCfg = Debug|Any CPU
		{C9664A43-5221-48C9-BF7B-DB54F0B4854E}.Debug|Any CPU.Build.0 = Debug|Any CPU
		{C9664A43-5221-48C9-BF7B-DB54F0B4854E}.Release|Any CPU.ActiveCfg = Release|Any CPU
		{C9664A43-5221-48C9-BF7B-DB54F0B4854E}.Release|Any CPU.Build.0 = Release|Any CPU
	EndGlobalSection
	GlobalSection(SolutionProperties) = preSolution
		HideSolutionNode = FALSE
	EndGlobalSection
	GlobalSection(ExtensibilityGlobals) = postSolution
		SolutionGuid = {E9CBC555-A0B7-459C-8D57-E810F96603CA}
	EndGlobalSection
EndGlobal
